
Microsoft Visual Studio Solution File, Format Version 12.00
# Visual Studio Version 17
VisualStudioVersion = 17.13.35806.99
MinimumVisualStudioVersion = 10.0.40219.1
Project("{FAE04EC0-301F-11D3-BF4B-00C04F79EFBC}") = "EmployeeAttendanceManagement.Application", "EmployeeAttendanceManagement.Application\EmployeeAttendanceManagement.Application.csproj", "{F79FD6E0-6974-4E9C-BBFD-2D158CEE6042}"
EndProject
Project("{FAE04EC0-301F-11D3-BF4B-00C04F79EFBC}") = "EmployeeAttendanceManagement.Domain", "EmployeeAttendanceManagement.Domain\EmployeeAttendanceManagement.Domain.csproj", "{96077F0B-16BA-4685-8DB5-54C438F06B65}"
EndProject
Project("{FAE04EC0-301F-11D3-BF4B-00C04F79EFBC}") = "EmployeeAttendanceManagement.Infrastructure", "EmployeeAttendanceManagement.Infrastructure\EmployeeAttendanceManagement.Infrastructure.csproj", "{0B7C26C9-DE53-445C-BDC2-A748B920908B}"
EndProject
Project("{FAE04EC0-301F-11D3-BF4B-00C04F79EFBC}") = "EmployeeAttendanceManagement.API", "EmployeeAttendanceManagement.API\EmployeeAttendanceManagement.API.csproj", "{14A3A6C7-ADAA-48E8-A33A-B87725C8D5E0}"
EndProject
Global
	GlobalSection(SolutionConfigurationPlatforms) = preSolution
		Debug|Any CPU = Debug|Any CPU
		Release|Any CPU = Release|Any CPU
	EndGlobalSection
	GlobalSection(ProjectConfigurationPlatforms) = postSolution
		{F79FD6E0-6974-4E9C-BBFD-2D158CEE6042}.Debug|Any CPU.ActiveCfg = Debug|Any CPU
		{F79FD6E0-6974-4E9C-BBFD-2D158CEE6042}.Debug|Any CPU.Build.0 = Debug|Any CPU
		{F79FD6E0-6974-4E9C-BBFD-2D158CEE6042}.Release|Any CPU.ActiveCfg = Release|Any CPU
		{F79FD6E0-6974-4E9C-BBFD-2D158CEE6042}.Release|Any CPU.Build.0 = Release|Any CPU
		{96077F0B-16BA-4685-8DB5-54C438F06B65}.Debug|Any CPU.ActiveCfg = Debug|Any CPU
		{96077F0B-16BA-4685-8DB5-54C438F06B65}.Debug|Any CPU.Build.0 = Debug|Any CPU
		{96077F0B-16BA-4685-8DB5-54C438F06B65}.Release|Any CPU.ActiveCfg = Release|Any CPU
		{96077F0B-16BA-4685-8DB5-54C438F06B65}.Release|Any CPU.Build.0 = Release|Any CPU
		{0B7C26C9-DE53-445C-BDC2-A748B920908B}.Debug|Any CPU.ActiveCfg = Debug|Any CPU
		{0B7C26C9-DE53-445C-BDC2-A748B920908B}.Debug|Any CPU.Build.0 = Debug|Any CPU
		{0B7C26C9-DE53-445C-BDC2-A748B920908B}.Release|Any CPU.ActiveCfg = Release|Any CPU
		{0B7C26C9-DE53-445C-BDC2-A748B920908B}.Release|Any CPU.Build.0 = Release|Any CPU
		{14A3A6C7-ADAA-48E8-A33A-B87725C8D5E0}.Debug|Any CPU.ActiveCfg = Debug|Any CPU
		{14A3A6C7-ADAA-48E8-A33A-B87725C8D5E0}.Debug|Any CPU.Build.0 = Debug|Any CPU
		{14A3A6C7-ADAA-48E8-A33A-B87725C8D5E0}.Release|Any CPU.ActiveCfg = Release|Any CPU
		{14A3A6C7-ADAA-48E8-A33A-B87725C8D5E0}.Release|Any CPU.Build.0 = Release|Any CPU
	EndGlobalSection
	GlobalSection(SolutionProperties) = preSolution
		HideSolutionNode = FALSE
	EndGlobalSection
	GlobalSection(ExtensibilityGlobals) = postSolution
		SolutionGuid = {72AF6844-DF11-4D3D-926B-7A49011EA6C1}
	EndGlobalSection
EndGlobal
